<?xml version="1.0" encoding="utf-8"?>
<Project ToolsVersion="4.0" xmlns="http://schemas.microsoft.com/developer/msbuild/2003">
  <ItemGroup>
    <Filter Include="Source Files">
      <UniqueIdentifier>{4FC737F1-C7A5-4376-A066-2A32D752A2FF}</UniqueIdentifier>
      <Extensions>cpp;c;cc;cxx;def;odl;idl;hpj;bat;asm;asmx</Extensions>
    </Filter>
    <Filter Include="Header Files">
      <UniqueIdentifier>{93995380-89BD-4b04-88EB-625FBE52EBFB}</UniqueIdentifier>
      <Extensions>h;hpp;hxx;hm;inl;inc;xsd</Extensions>
    </Filter>
    <Filter Include="Resource Files">
      <UniqueIdentifier>{67DA6AB6-F800-4c08-8B7A-83BB121AAD01}</UniqueIdentifier>
      <Extensions>rc;ico;cur;bmp;dlg;rc2;rct;bin;rgs;gif;jpg;jpeg;jpe;resx;tiff;tif;png;wav;mfcribbon-ms</Extensions>
    </Filter>
    <Filter Include="Header Files\MouseMovement">
      <UniqueIdentifier>{277ec959-8ac6-4c88-83a4-81ed8f62e2c1}</UniqueIdentifier>
    </Filter>
    <Filter Include="Header Files\Utility">
      <UniqueIdentifier>{66b5f681-ee0d-444e-97da-b7de1b903aa9}</UniqueIdentifier>
    </Filter>
    <Filter Include="Header Files\Config">
      <UniqueIdentifier>{30201953-344d-49f5-b74a-b900de8a89e1}</UniqueIdentifier>
    </Filter>
  </ItemGroup>
  <ItemGroup>
    <ClInclude Include="stdafx.h">
      <Filter>Header Files</Filter>
    </ClInclude>
    <ClInclude Include="GamepadUser.h">
      <Filter>Header Files</Filter>
    </ClInclude>
    <ClInclude Include="Globals.h">
      <Filter>Header Files</Filter>
    </ClInclude>
    <ClInclude Include="InputPoller.h">
      <Filter>Header Files</Filter>
    </ClInclude>
    <ClInclude Include="Mapper.h">
      <Filter>Header Files</Filter>
    </ClInclude>
    <ClInclude Include="PlayerInfo.h">
      <Filter>Header Files</Filter>
    </ClInclude>
    <ClInclude Include="XInputTranslater.h">
      <Filter>Header Files</Filter>
    </ClInclude>
    <ClInclude Include="CPPThreadRunner.h">
      <Filter>Header Files</Filter>
    </ClInclude>
    <ClInclude Include="ThumbstickToDelay.h">
      <Filter>Header Files\MouseMovement</Filter>
    </ClInclude>
    <ClInclude Include="XInputBoostMouse.h">
      <Filter>Header Files\MouseMovement</Filter>
    </ClInclude>
    <ClInclude Include="ThumbstickAxisThread.h">
      <Filter>Header Files\MouseMovement</Filter>
    </ClInclude>
    <ClInclude Include="MultiBool.h">
      <Filter>Header Files\Utility</Filter>
    </ClInclude>
    <ClInclude Include="ButtonStateDown.h">
      <Filter>Header Files\Utility</Filter>
    </ClInclude>
    <ClInclude Include="SendKey.h">
      <Filter>Header Files\Utility</Filter>
    </ClInclude>
    <ClInclude Include="MouseMap.h">
      <Filter>Header Files\Utility</Filter>
    </ClInclude>
    <ClInclude Include="ActionDescriptors.h">
      <Filter>Header Files\Config</Filter>
    </ClInclude>
    <ClInclude Include="XinSettings.h">
      <Filter>Header Files\Config</Filter>
    </ClInclude>
    <ClInclude Include="SensitivityMap.h">
      <Filter>Header Files\MouseMovement</Filter>
    </ClInclude>
    <ClInclude Include="MapFunctions.h">
      <Filter>Header Files\Utility</Filter>
    </ClInclude>
    <ClInclude Include="resource1.h">
      <Filter>Header Files</Filter>
    </ClInclude>
    <ClInclude Include="DelayHighPrecision.h">
      <Filter>Header Files\Utility</Filter>
    </ClInclude>
  </ItemGroup>
  <ItemGroup>
    <ClCompile Include="stdafx.cpp">
      <Filter>Source Files</Filter>
    </ClCompile>
    <ClCompile Include="Xinmapper_2022.cpp">
      <Filter>Source Files</Filter>
    </ClCompile>
  </ItemGroup>
  <ItemGroup>
    <None Include="xinmapper_drawing.pdf" />
    <None Include="ClassDiagram.cd" />
  </ItemGroup>
  <ItemGroup>
    <ResourceCompile Include="Xinmapper-gh.rc">
      <Filter>Resource Files</Filter>
    </ResourceCompile>
  </ItemGroup>
</Project>